
Microsoft Visual Studio Solution File, Format Version 12.00
# Visual Studio 15
VisualStudioVersion = 15.0.27004.2006
MinimumVisualStudioVersion = 10.0.40219.1
Project("{FAE04EC0-301F-11D3-BF4B-00C04F79EFBC}") = "Space Invaders", "Space Invaders\Space Invaders.csproj", "{18538779-CF6C-4BC3-8317-6BCD74BF5058}"
EndProject
Global
	GlobalSection(SolutionConfigurationPlatforms) = preSolution
		Debug|Any CPU = Debug|Any CPU
		Release|Any CPU = Release|Any CPU
	EndGlobalSection
	GlobalSection(ProjectConfigurationPlatforms) = postSolution
		{18538779-CF6C-4BC3-8317-6BCD74BF5058}.Debug|Any CPU.ActiveCfg = Debug|Any CPU
		{18538779-CF6C-4BC3-8317-6BCD74BF5058}.Debug|Any CPU.Build.0 = Debug|Any CPU
		{18538779-CF6C-4BC3-8317-6BCD74BF5058}.Release|Any CPU.ActiveCfg = Release|Any CPU
		{18538779-CF6C-4BC3-8317-6BCD74BF5058}.Release|Any CPU.Build.0 = Release|Any CPU
	EndGlobalSection
	GlobalSection(SolutionProperties) = preSolution
		HideSolutionNode = FALSE
	EndGlobalSection
	GlobalSection(ExtensibilityGlobals) = postSolution
		SolutionGuid = {35F6637F-EF9E-4FCA-93FA-74AE27D81715}
	EndGlobalSection
EndGlobal
